
Microsoft Visual Studio Solution File, Format Version 12.00
# Visual Studio 15
VisualStudioVersion = 15.0.27703.2035
MinimumVisualStudioVersion = 10.0.40219.1
Project("{FAE04EC0-301F-11D3-BF4B-00C04F79EFBC}") = "Spreadsheet", "Spreadsheet\Spreadsheet.csproj", "{6960A32D-D637-4AE1-83C2-E78066FF343F}"
EndProject
Project("{FAE04EC0-301F-11D3-BF4B-00C04F79EFBC}") = "Resources", "Resources\Resources.csproj", "{CE5D5C33-DDC6-4F48-825F-49001ADF8145}"
EndProject
Project("{FAE04EC0-301F-11D3-BF4B-00C04F79EFBC}") = "SpreadsheetTests", "SpreadsheetTests\SpreadsheetTests.csproj", "{10925C97-1610-4A69-ACE0-25BE411ECC29}"
EndProject
Global
	GlobalSection(SolutionConfigurationPlatforms) = preSolution
		Debug|Any CPU = Debug|Any CPU
		Release|Any CPU = Release|Any CPU
	EndGlobalSection
	GlobalSection(ProjectConfigurationPlatforms) = postSolution
		{6960A32D-D637-4AE1-83C2-E78066FF343F}.Debug|Any CPU.ActiveCfg = Debug|Any CPU
		{6960A32D-D637-4AE1-83C2-E78066FF343F}.Debug|Any CPU.Build.0 = Debug|Any CPU
		{6960A32D-D637-4AE1-83C2-E78066FF343F}.Release|Any CPU.ActiveCfg = Release|Any CPU
		{6960A32D-D637-4AE1-83C2-E78066FF343F}.Release|Any CPU.Build.0 = Release|Any CPU
		{CE5D5C33-DDC6-4F48-825F-49001ADF8145}.Debug|Any CPU.ActiveCfg = Debug|Any CPU
		{CE5D5C33-DDC6-4F48-825F-49001ADF8145}.Release|Any CPU.ActiveCfg = Release|Any CPU
		{CE5D5C33-DDC6-4F48-825F-49001ADF8145}.Release|Any CPU.Build.0 = Release|Any CPU
		{10925C97-1610-4A69-ACE0-25BE411ECC29}.Debug|Any CPU.ActiveCfg = Debug|Any CPU
		{10925C97-1610-4A69-ACE0-25BE411ECC29}.Debug|Any CPU.Build.0 = Debug|Any CPU
		{10925C97-1610-4A69-ACE0-25BE411ECC29}.Release|Any CPU.ActiveCfg = Release|Any CPU
		{10925C97-1610-4A69-ACE0-25BE411ECC29}.Release|Any CPU.Build.0 = Release|Any CPU
	EndGlobalSection
	GlobalSection(SolutionProperties) = preSolution
		HideSolutionNode = FALSE
	EndGlobalSection
	GlobalSection(ExtensibilityGlobals) = postSolution
		SolutionGuid = {42D09F38-8536-44EC-872B-AAE8B188EA2F}
	EndGlobalSection
EndGlobal
