
Microsoft Visual Studio Solution File, Format Version 12.00
# Visual Studio 15
VisualStudioVersion = 15.0.27703.2035
MinimumVisualStudioVersion = 10.0.40219.1
Project("{FAE04EC0-301F-11D3-BF4B-00C04F79EFBC}") = "FormulaEvaluator", "FormulaEvaluator\FormulaEvaluator.csproj", "{DE1CBB25-EF17-46C7-8527-7DF8F2529DF0}"
EndProject
Project("{FAE04EC0-301F-11D3-BF4B-00C04F79EFBC}") = "FormulaEvaluatorTest1", "FormulaEvaluatorTest1\FormulaEvaluatorTest1.csproj", "{DF99ACE9-5B86-4036-A4E5-292ED085F3C6}"
EndProject
Global
	GlobalSection(SolutionConfigurationPlatforms) = preSolution
		Debug|Any CPU = Debug|Any CPU
		Debug|ARM = Debug|ARM
		Debug|x64 = Debug|x64
		Debug|x86 = Debug|x86
		Release|Any CPU = Release|Any CPU
		Release|ARM = Release|ARM
		Release|x64 = Release|x64
		Release|x86 = Release|x86
	EndGlobalSection
	GlobalSection(ProjectConfigurationPlatforms) = postSolution
		{DE1CBB25-EF17-46C7-8527-7DF8F2529DF0}.Debug|Any CPU.ActiveCfg = Debug|Any CPU
		{DE1CBB25-EF17-46C7-8527-7DF8F2529DF0}.Debug|Any CPU.Build.0 = Debug|Any CPU
		{DE1CBB25-EF17-46C7-8527-7DF8F2529DF0}.Debug|ARM.ActiveCfg = Debug|Any CPU
		{DE1CBB25-EF17-46C7-8527-7DF8F2529DF0}.Debug|ARM.Build.0 = Debug|Any CPU
		{DE1CBB25-EF17-46C7-8527-7DF8F2529DF0}.Debug|x64.ActiveCfg = Debug|Any CPU
		{DE1CBB25-EF17-46C7-8527-7DF8F2529DF0}.Debug|x64.Build.0 = Debug|Any CPU
		{DE1CBB25-EF17-46C7-8527-7DF8F2529DF0}.Debug|x86.ActiveCfg = Debug|Any CPU
		{DE1CBB25-EF17-46C7-8527-7DF8F2529DF0}.Debug|x86.Build.0 = Debug|Any CPU
		{DE1CBB25-EF17-46C7-8527-7DF8F2529DF0}.Release|Any CPU.ActiveCfg = Release|Any CPU
		{DE1CBB25-EF17-46C7-8527-7DF8F2529DF0}.Release|Any CPU.Build.0 = Release|Any CPU
		{DE1CBB25-EF17-46C7-8527-7DF8F2529DF0}.Release|ARM.ActiveCfg = Release|Any CPU
		{DE1CBB25-EF17-46C7-8527-7DF8F2529DF0}.Release|ARM.Build.0 = Release|Any CPU
		{DE1CBB25-EF17-46C7-8527-7DF8F2529DF0}.Release|x64.ActiveCfg = Release|Any CPU
		{DE1CBB25-EF17-46C7-8527-7DF8F2529DF0}.Release|x64.Build.0 = Release|Any CPU
		{DE1CBB25-EF17-46C7-8527-7DF8F2529DF0}.Release|x86.ActiveCfg = Release|Any CPU
		{DE1CBB25-EF17-46C7-8527-7DF8F2529DF0}.Release|x86.Build.0 = Release|Any CPU
		{DF99ACE9-5B86-4036-A4E5-292ED085F3C6}.Debug|Any CPU.ActiveCfg = Debug|Any CPU
		{DF99ACE9-5B86-4036-A4E5-292ED085F3C6}.Debug|Any CPU.Build.0 = Debug|Any CPU
		{DF99ACE9-5B86-4036-A4E5-292ED085F3C6}.Debug|ARM.ActiveCfg = Debug|Any CPU
		{DF99ACE9-5B86-4036-A4E5-292ED085F3C6}.Debug|ARM.Build.0 = Debug|Any CPU
		{DF99ACE9-5B86-4036-A4E5-292ED085F3C6}.Debug|x64.ActiveCfg = Debug|Any CPU
		{DF99ACE9-5B86-4036-A4E5-292ED085F3C6}.Debug|x64.Build.0 = Debug|Any CPU
		{DF99ACE9-5B86-4036-A4E5-292ED085F3C6}.Debug|x86.ActiveCfg = Debug|Any CPU
		{DF99ACE9-5B86-4036-A4E5-292ED085F3C6}.Debug|x86.Build.0 = Debug|Any CPU
		{DF99ACE9-5B86-4036-A4E5-292ED085F3C6}.Release|Any CPU.ActiveCfg = Release|Any CPU
		{DF99ACE9-5B86-4036-A4E5-292ED085F3C6}.Release|Any CPU.Build.0 = Release|Any CPU
		{DF99ACE9-5B86-4036-A4E5-292ED085F3C6}.Release|ARM.ActiveCfg = Release|Any CPU
		{DF99ACE9-5B86-4036-A4E5-292ED085F3C6}.Release|ARM.Build.0 = Release|Any CPU
		{DF99ACE9-5B86-4036-A4E5-292ED085F3C6}.Release|x64.ActiveCfg = Release|Any CPU
		{DF99ACE9-5B86-4036-A4E5-292ED085F3C6}.Release|x64.Build.0 = Release|Any CPU
		{DF99ACE9-5B86-4036-A4E5-292ED085F3C6}.Release|x86.ActiveCfg = Release|Any CPU
		{DF99ACE9-5B86-4036-A4E5-292ED085F3C6}.Release|x86.Build.0 = Release|Any CPU
	EndGlobalSection
	GlobalSection(SolutionProperties) = preSolution
		HideSolutionNode = FALSE
	EndGlobalSection
	GlobalSection(ExtensibilityGlobals) = postSolution
		SolutionGuid = {34A18F66-1E7E-4ECC-8172-0C0D544BF320}
	EndGlobalSection
EndGlobal
